<?xml version="1.0" encoding="utf-8"?>
<Project ToolsVersion="4.0" xmlns="http://schemas.microsoft.com/developer/msbuild/2003">
  <ItemGroup>
    <Filter Include="Source Files">
      <UniqueIdentifier>{4FC737F1-C7A5-4376-A066-2A32D752A2FF}</UniqueIdentifier>
      <Extensions>cpp;c;cc;cxx;def;odl;idl;hpj;bat;asm;asmx</Extensions>
    </Filter>
  </ItemGroup>
  <ItemGroup>
    <ClCompile Include="bitcoin\src\addrman.cpp">
      <Filter>Source Files</Filter>
    </ClCompile>
    <ClCompile Include="bitcoin\src\alert.cpp">
      <Filter>Source Files</Filter>
    </ClCompile>
    <ClCompile Include="bitcoin\src\bloom.cpp">
      <Filter>Source Files</Filter>
    </ClCompile>
    <ClCompile Include="bitcoin\src\checkpoints.cpp">
      <Filter>Source Files</Filter>
    </ClCompile>
    <ClCompile Include="bitcoin\src\init.cpp">
      <Filter>Source Files</Filter>
    </ClCompile>
    <ClCompile Include="bitcoin\src\leveldbwrapper.cpp">
      <Filter>Source Files</Filter>
    </ClCompile>
    <ClCompile Include="bitcoin\src\main.cpp">
      <Filter>Source Files</Filter>
    </ClCompile>
    <ClCompile Include="bitcoin\src\miner.cpp">
      <Filter>Source Files</Filter>
    </ClCompile>
    <ClCompile Include="bitcoin\src\net.cpp">
      <Filter>Source Files</Filter>
    </ClCompile>
    <ClCompile Include="bitcoin\src\noui.cpp">
      <Filter>Source Files</Filter>
    </ClCompile>
    <ClCompile Include="bitcoin\src\rpcblockchain.cpp">
      <Filter>Source Files</Filter>
    </ClCompile>
    <ClCompile Include="bitcoin\src\rpcmining.cpp">
      <Filter>Source Files</Filter>
    </ClCompile>
    <ClCompile Include="bitcoin\src\rpcmisc.cpp">
      <Filter>Source Files</Filter>
    </ClCompile>
    <ClCompile Include="bitcoin\src\rpcnet.cpp">
      <Filter>Source Files</Filter>
    </ClCompile>
    <ClCompile Include="bitcoin\src\rpcrawtransaction.cpp">
      <Filter>Source Files</Filter>
    </ClCompile>
    <ClCompile Include="bitcoin\src\rpcserver.cpp">
      <Filter>Source Files</Filter>
    </ClCompile>
    <ClCompile Include="bitcoin\src\txdb.cpp">
      <Filter>Source Files</Filter>
    </ClCompile>
    <ClCompile Include="bitcoin\src\txmempool.cpp">
      <Filter>Source Files</Filter>
    </ClCompile>
    <ClCompile Include="bitcoin\src\pow.cpp">
      <Filter>Source Files</Filter>
    </ClCompile>
    <ClCompile Include="bitcoin\src\timedata.cpp">
      <Filter>Source Files</Filter>
    </ClCompile>
  </ItemGroup>
</Project>