
Microsoft Visual Studio Solution File, Format Version 12.00
# Visual Studio 2013
VisualStudioVersion = 12.0.30501.0
MinimumVisualStudioVersion = 10.0.40219.1
Project("{2150E333-8FDC-42A3-9474-1A3956D46DE8}") = "Dependencies", "Dependencies", "{AA6AEF7C-5E9F-448A-9499-94BC155C7BD2}"
EndProject
Project("{2150E333-8FDC-42A3-9474-1A3956D46DE8}") = "Libraries", "Libraries", "{60F0E511-0C50-4DE0-866E-637736138EFF}"
EndProject
Project("{8BC9CEB8-8B4A-11D0-8D11-00A0C91BC942}") = "boost", "dependencies\boost.vcxproj", "{E6F67299-7248-46E4-8379-AD0D91C2A4B6}"
EndProject
Project("{8BC9CEB8-8B4A-11D0-8D11-00A0C91BC942}") = "openssl", "dependencies\openssl.vcxproj", "{B7600A5E-BC1C-41F6-B1BE-80EB57932BAB}"
EndProject
Project("{8BC9CEB8-8B4A-11D0-8D11-00A0C91BC942}") = "leveldb", "leveldb.vcxproj", "{746AFB6E-4CD3-42EF-A6F4-3F73118D9CB9}"
EndProject
Project("{8BC9CEB8-8B4A-11D0-8D11-00A0C91BC942}") = "bitcoind", "bitcoind.vcxproj", "{EAB106DE-8D57-4221-95BD-C29779D5C87D}"
	ProjectSection(ProjectDependencies) = postProject
		{7648671F-3E91-49F5-B253-F82A00637131} = {7648671F-3E91-49F5-B253-F82A00637131}
		{5D2A7351-8573-45E9-8E65-7FF5E290E20C} = {5D2A7351-8573-45E9-8E65-7FF5E290E20C}
		{746AFB6E-4CD3-42EF-A6F4-3F73118D9CB9} = {746AFB6E-4CD3-42EF-A6F4-3F73118D9CB9}
		{DD38CA87-A51B-46E8-AE6D-15C1233F8B5B} = {DD38CA87-A51B-46E8-AE6D-15C1233F8B5B}
		{78FCC1F8-F181-4280-9C94-8D0C5D387AA1} = {78FCC1F8-F181-4280-9C94-8D0C5D387AA1}
	EndProjectSection
EndProject
Project("{8BC9CEB8-8B4A-11D0-8D11-00A0C91BC942}") = "bitcoin_common", "bitcoin_common.vcxproj", "{DD38CA87-A51B-46E8-AE6D-15C1233F8B5B}"
	ProjectSection(ProjectDependencies) = postProject
		{B7600A5E-BC1C-41F6-B1BE-80EB57932BAB} = {B7600A5E-BC1C-41F6-B1BE-80EB57932BAB}
		{E6F67299-7248-46E4-8379-AD0D91C2A4B6} = {E6F67299-7248-46E4-8379-AD0D91C2A4B6}
	EndProjectSection
EndProject
Project("{8BC9CEB8-8B4A-11D0-8D11-00A0C91BC942}") = "db-4.8.30", "dependencies\db-4.8.30.vcxproj", "{671539AA-D9A6-4B7B-8044-61B511D6F432}"
EndProject
Project("{8BC9CEB8-8B4A-11D0-8D11-00A0C91BC942}") = "miniupnp", "dependencies\miniupnp.vcxproj", "{D28CE435-CB33-4BAE-8A52-C6EF915956F5}"
EndProject
Project("{8BC9CEB8-8B4A-11D0-8D11-00A0C91BC942}") = "bitcoin_server", "bitcoin_server.vcxproj", "{5D2A7351-8573-45E9-8E65-7FF5E290E20C}"
	ProjectSection(ProjectDependencies) = postProject
		{B7600A5E-BC1C-41F6-B1BE-80EB57932BAB} = {B7600A5E-BC1C-41F6-B1BE-80EB57932BAB}
		{746AFB6E-4CD3-42EF-A6F4-3F73118D9CB9} = {746AFB6E-4CD3-42EF-A6F4-3F73118D9CB9}
		{E6F67299-7248-46E4-8379-AD0D91C2A4B6} = {E6F67299-7248-46E4-8379-AD0D91C2A4B6}
	EndProjectSection
EndProject
Project("{8BC9CEB8-8B4A-11D0-8D11-00A0C91BC942}") = "bitcoin_wallet", "bitcoin_wallet.vcxproj", "{7648671F-3E91-49F5-B253-F82A00637131}"
	ProjectSection(ProjectDependencies) = postProject
		{B7600A5E-BC1C-41F6-B1BE-80EB57932BAB} = {B7600A5E-BC1C-41F6-B1BE-80EB57932BAB}
		{E6F67299-7248-46E4-8379-AD0D91C2A4B6} = {E6F67299-7248-46E4-8379-AD0D91C2A4B6}
		{671539AA-D9A6-4B7B-8044-61B511D6F432} = {671539AA-D9A6-4B7B-8044-61B511D6F432}
	EndProjectSection
EndProject
Project("{8BC9CEB8-8B4A-11D0-8D11-00A0C91BC942}") = "memenv", "memenv.vcxproj", "{78FCC1F8-F181-4280-9C94-8D0C5D387AA1}"
EndProject
Global
	GlobalSection(SolutionConfigurationPlatforms) = preSolution
		Debug|Win32 = Debug|Win32
		Debug|x64 = Debug|x64
		Release|Win32 = Release|Win32
		Release|x64 = Release|x64
	EndGlobalSection
	GlobalSection(ProjectConfigurationPlatforms) = postSolution
		{E6F67299-7248-46E4-8379-AD0D91C2A4B6}.Debug|Win32.ActiveCfg = Debug|Win32
		{E6F67299-7248-46E4-8379-AD0D91C2A4B6}.Debug|x64.ActiveCfg = Debug|x64
		{E6F67299-7248-46E4-8379-AD0D91C2A4B6}.Release|Win32.ActiveCfg = Release|Win32
		{E6F67299-7248-46E4-8379-AD0D91C2A4B6}.Release|Win32.Build.0 = Release|Win32
		{E6F67299-7248-46E4-8379-AD0D91C2A4B6}.Release|x64.ActiveCfg = Release|x64
		{E6F67299-7248-46E4-8379-AD0D91C2A4B6}.Release|x64.Build.0 = Release|x64
		{B7600A5E-BC1C-41F6-B1BE-80EB57932BAB}.Debug|Win32.ActiveCfg = Debug|Win32
		{B7600A5E-BC1C-41F6-B1BE-80EB57932BAB}.Debug|x64.ActiveCfg = Debug|x64
		{B7600A5E-BC1C-41F6-B1BE-80EB57932BAB}.Release|Win32.ActiveCfg = Release|Win32
		{B7600A5E-BC1C-41F6-B1BE-80EB57932BAB}.Release|Win32.Build.0 = Release|Win32
		{B7600A5E-BC1C-41F6-B1BE-80EB57932BAB}.Release|x64.ActiveCfg = Release|x64
		{B7600A5E-BC1C-41F6-B1BE-80EB57932BAB}.Release|x64.Build.0 = Release|x64
		{746AFB6E-4CD3-42EF-A6F4-3F73118D9CB9}.Debug|Win32.ActiveCfg = Debug|Win32
		{746AFB6E-4CD3-42EF-A6F4-3F73118D9CB9}.Debug|Win32.Build.0 = Debug|Win32
		{746AFB6E-4CD3-42EF-A6F4-3F73118D9CB9}.Debug|x64.ActiveCfg = Debug|x64
		{746AFB6E-4CD3-42EF-A6F4-3F73118D9CB9}.Debug|x64.Build.0 = Debug|x64
		{746AFB6E-4CD3-42EF-A6F4-3F73118D9CB9}.Release|Win32.ActiveCfg = Release|Win32
		{746AFB6E-4CD3-42EF-A6F4-3F73118D9CB9}.Release|Win32.Build.0 = Release|Win32
		{746AFB6E-4CD3-42EF-A6F4-3F73118D9CB9}.Release|x64.ActiveCfg = Release|x64
		{746AFB6E-4CD3-42EF-A6F4-3F73118D9CB9}.Release|x64.Build.0 = Release|x64
		{EAB106DE-8D57-4221-95BD-C29779D5C87D}.Debug|Win32.ActiveCfg = Debug|Win32
		{EAB106DE-8D57-4221-95BD-C29779D5C87D}.Debug|Win32.Build.0 = Debug|Win32
		{EAB106DE-8D57-4221-95BD-C29779D5C87D}.Debug|x64.ActiveCfg = Debug|x64
		{EAB106DE-8D57-4221-95BD-C29779D5C87D}.Debug|x64.Build.0 = Debug|x64
		{EAB106DE-8D57-4221-95BD-C29779D5C87D}.Release|Win32.ActiveCfg = Release|Win32
		{EAB106DE-8D57-4221-95BD-C29779D5C87D}.Release|Win32.Build.0 = Release|Win32
		{EAB106DE-8D57-4221-95BD-C29779D5C87D}.Release|x64.ActiveCfg = Release|Win32
		{DD38CA87-A51B-46E8-AE6D-15C1233F8B5B}.Debug|Win32.ActiveCfg = Debug|Win32
		{DD38CA87-A51B-46E8-AE6D-15C1233F8B5B}.Debug|Win32.Build.0 = Debug|Win32
		{DD38CA87-A51B-46E8-AE6D-15C1233F8B5B}.Debug|x64.ActiveCfg = Debug|Win32
		{DD38CA87-A51B-46E8-AE6D-15C1233F8B5B}.Release|Win32.ActiveCfg = Release|Win32
		{DD38CA87-A51B-46E8-AE6D-15C1233F8B5B}.Release|Win32.Build.0 = Release|Win32
		{DD38CA87-A51B-46E8-AE6D-15C1233F8B5B}.Release|x64.ActiveCfg = Release|Win32
		{671539AA-D9A6-4B7B-8044-61B511D6F432}.Debug|Win32.ActiveCfg = Debug|Win32
		{671539AA-D9A6-4B7B-8044-61B511D6F432}.Debug|x64.ActiveCfg = Debug|x64
		{671539AA-D9A6-4B7B-8044-61B511D6F432}.Release|Win32.ActiveCfg = Release|Win32
		{671539AA-D9A6-4B7B-8044-61B511D6F432}.Release|Win32.Build.0 = Release|Win32
		{671539AA-D9A6-4B7B-8044-61B511D6F432}.Release|x64.ActiveCfg = Release|x64
		{671539AA-D9A6-4B7B-8044-61B511D6F432}.Release|x64.Build.0 = Release|x64
		{D28CE435-CB33-4BAE-8A52-C6EF915956F5}.Debug|Win32.ActiveCfg = Debug|Win32
		{D28CE435-CB33-4BAE-8A52-C6EF915956F5}.Debug|x64.ActiveCfg = Debug|x64
		{D28CE435-CB33-4BAE-8A52-C6EF915956F5}.Release|Win32.ActiveCfg = Release|Win32
		{D28CE435-CB33-4BAE-8A52-C6EF915956F5}.Release|Win32.Build.0 = Release|Win32
		{D28CE435-CB33-4BAE-8A52-C6EF915956F5}.Release|x64.ActiveCfg = Release|x64
		{D28CE435-CB33-4BAE-8A52-C6EF915956F5}.Release|x64.Build.0 = Release|x64
		{5D2A7351-8573-45E9-8E65-7FF5E290E20C}.Debug|Win32.ActiveCfg = Debug|Win32
		{5D2A7351-8573-45E9-8E65-7FF5E290E20C}.Debug|Win32.Build.0 = Debug|Win32
		{5D2A7351-8573-45E9-8E65-7FF5E290E20C}.Debug|x64.ActiveCfg = Debug|x64
		{5D2A7351-8573-45E9-8E65-7FF5E290E20C}.Debug|x64.Build.0 = Debug|x64
		{5D2A7351-8573-45E9-8E65-7FF5E290E20C}.Release|Win32.ActiveCfg = Release|Win32
		{5D2A7351-8573-45E9-8E65-7FF5E290E20C}.Release|Win32.Build.0 = Release|Win32
		{5D2A7351-8573-45E9-8E65-7FF5E290E20C}.Release|x64.ActiveCfg = Release|x64
		{5D2A7351-8573-45E9-8E65-7FF5E290E20C}.Release|x64.Build.0 = Release|x64
		{7648671F-3E91-49F5-B253-F82A00637131}.Debug|Win32.ActiveCfg = Debug|Win32
		{7648671F-3E91-49F5-B253-F82A00637131}.Debug|Win32.Build.0 = Debug|Win32
		{7648671F-3E91-49F5-B253-F82A00637131}.Debug|x64.ActiveCfg = Debug|x64
		{7648671F-3E91-49F5-B253-F82A00637131}.Debug|x64.Build.0 = Debug|x64
		{7648671F-3E91-49F5-B253-F82A00637131}.Release|Win32.ActiveCfg = Release|Win32
		{7648671F-3E91-49F5-B253-F82A00637131}.Release|Win32.Build.0 = Release|Win32
		{7648671F-3E91-49F5-B253-F82A00637131}.Release|x64.ActiveCfg = Release|x64
		{7648671F-3E91-49F5-B253-F82A00637131}.Release|x64.Build.0 = Release|x64
		{78FCC1F8-F181-4280-9C94-8D0C5D387AA1}.Debug|Win32.ActiveCfg = Debug|Win32
		{78FCC1F8-F181-4280-9C94-8D0C5D387AA1}.Debug|Win32.Build.0 = Debug|Win32
		{78FCC1F8-F181-4280-9C94-8D0C5D387AA1}.Debug|x64.ActiveCfg = Debug|x64
		{78FCC1F8-F181-4280-9C94-8D0C5D387AA1}.Debug|x64.Build.0 = Debug|x64
		{78FCC1F8-F181-4280-9C94-8D0C5D387AA1}.Release|Win32.ActiveCfg = Release|Win32
		{78FCC1F8-F181-4280-9C94-8D0C5D387AA1}.Release|Win32.Build.0 = Release|Win32
		{78FCC1F8-F181-4280-9C94-8D0C5D387AA1}.Release|x64.ActiveCfg = Release|x64
		{78FCC1F8-F181-4280-9C94-8D0C5D387AA1}.Release|x64.Build.0 = Release|x64
	EndGlobalSection
	GlobalSection(SolutionProperties) = preSolution
		HideSolutionNode = FALSE
	EndGlobalSection
	GlobalSection(NestedProjects) = preSolution
		{E6F67299-7248-46E4-8379-AD0D91C2A4B6} = {AA6AEF7C-5E9F-448A-9499-94BC155C7BD2}
		{B7600A5E-BC1C-41F6-B1BE-80EB57932BAB} = {AA6AEF7C-5E9F-448A-9499-94BC155C7BD2}
		{746AFB6E-4CD3-42EF-A6F4-3F73118D9CB9} = {60F0E511-0C50-4DE0-866E-637736138EFF}
		{DD38CA87-A51B-46E8-AE6D-15C1233F8B5B} = {60F0E511-0C50-4DE0-866E-637736138EFF}
		{671539AA-D9A6-4B7B-8044-61B511D6F432} = {AA6AEF7C-5E9F-448A-9499-94BC155C7BD2}
		{D28CE435-CB33-4BAE-8A52-C6EF915956F5} = {AA6AEF7C-5E9F-448A-9499-94BC155C7BD2}
		{5D2A7351-8573-45E9-8E65-7FF5E290E20C} = {60F0E511-0C50-4DE0-866E-637736138EFF}
		{7648671F-3E91-49F5-B253-F82A00637131} = {60F0E511-0C50-4DE0-866E-637736138EFF}
		{78FCC1F8-F181-4280-9C94-8D0C5D387AA1} = {60F0E511-0C50-4DE0-866E-637736138EFF}
	EndGlobalSection
EndGlobal
