<?xml version="1.0" encoding="utf-8"?>
<Project ToolsVersion="4.0" xmlns="http://schemas.microsoft.com/developer/msbuild/2003">
  <ItemGroup>
    <ClCompile Include="bitcoin\src\test\accounting_tests.cpp">
      <Filter>Failing Runtime\Wallet Tests</Filter>
    </ClCompile>
    <ClCompile Include="bitcoin\src\test\main_tests.cpp" />
    <ClCompile Include="bitcoin\src\test\DoS_tests.cpp">
      <Filter>Failing Build</Filter>
    </ClCompile>
  </ItemGroup>
  <ItemGroup>
    <Filter Include="Failing Build">
      <UniqueIdentifier>{209bab52-8b2b-44ef-a840-8c9c592dca04}</UniqueIdentifier>
    </Filter>
    <Filter Include="Failing Runtime">
      <UniqueIdentifier>{fb64ffb0-50f9-46e8-94e5-d61e316acb37}</UniqueIdentifier>
    </Filter>
    <Filter Include="Failing Runtime\Wallet Tests">
      <UniqueIdentifier>{82e3dc78-6e3d-435d-b5bb-8d916d8d663c}</UniqueIdentifier>
    </Filter>
  </ItemGroup>
</Project>