<?xml version="1.0" encoding="utf-8"?>
<Project ToolsVersion="4.0" xmlns="http://schemas.microsoft.com/developer/msbuild/2003">
  <ItemGroup>
    <Filter Include="Failing Runtime">
      <UniqueIdentifier>{fb64ffb0-50f9-46e8-94e5-d61e316acb37}</UniqueIdentifier>
    </Filter>
  </ItemGroup>
  <ItemGroup>
    <ClCompile Include="bitcoin\src\test\sighash_tests.cpp">
      <Filter>Failing Runtime</Filter>
    </ClCompile>
  </ItemGroup>
</Project>